
Microsoft Visual Studio Solution File, Format Version 12.00
# Visual Studio Version 17
VisualStudioVersion = 17.11.35219.272
MinimumVisualStudioVersion = 10.0.40219.1
Project("{9A19103F-16F7-4668-BE54-9A1E7A4F7556}") = "FunWithFood", "FunWithFood\FunWithFood.csproj", "{232039C3-61DE-4663-8932-C77870BC1CDF}"
	ProjectSection(ProjectDependencies) = postProject
		{FE510914-FC2A-414D-8FDE-F255E64E376D} = {FE510914-FC2A-414D-8FDE-F255E64E376D}
	EndProjectSection
EndProject
Project("{9A19103F-16F7-4668-BE54-9A1E7A4F7556}") = "FunWithFoodDomain", "FunWithFoodDomain\FunWithFoodDomain.csproj", "{FE510914-FC2A-414D-8FDE-F255E64E376D}"
EndProject
Project("{9A19103F-16F7-4668-BE54-9A1E7A4F7556}") = "FunWithFoodInfrastructure", "FunWithFoodInfrastructure\FunWithFoodInfrastructure.csproj", "{AC39433C-4E6E-4905-9C9D-315E9A40D09F}"
EndProject
Project("{FAE04EC0-301F-11D3-BF4B-00C04F79EFBC}") = "FunWithFoodTest", "FunWithFoodTest\FunWithFoodTest.csproj", "{5AEAE51C-00DD-4808-B956-7A94546A88C6}"
EndProject
Global
	GlobalSection(SolutionConfigurationPlatforms) = preSolution
		Debug|Any CPU = Debug|Any CPU
		Release|Any CPU = Release|Any CPU
	EndGlobalSection
	GlobalSection(ProjectConfigurationPlatforms) = postSolution
		{232039C3-61DE-4663-8932-C77870BC1CDF}.Debug|Any CPU.ActiveCfg = Debug|Any CPU
		{232039C3-61DE-4663-8932-C77870BC1CDF}.Debug|Any CPU.Build.0 = Debug|Any CPU
		{232039C3-61DE-4663-8932-C77870BC1CDF}.Release|Any CPU.ActiveCfg = Release|Any CPU
		{232039C3-61DE-4663-8932-C77870BC1CDF}.Release|Any CPU.Build.0 = Release|Any CPU
		{FE510914-FC2A-414D-8FDE-F255E64E376D}.Debug|Any CPU.ActiveCfg = Debug|Any CPU
		{FE510914-FC2A-414D-8FDE-F255E64E376D}.Debug|Any CPU.Build.0 = Debug|Any CPU
		{FE510914-FC2A-414D-8FDE-F255E64E376D}.Release|Any CPU.ActiveCfg = Release|Any CPU
		{FE510914-FC2A-414D-8FDE-F255E64E376D}.Release|Any CPU.Build.0 = Release|Any CPU
		{AC39433C-4E6E-4905-9C9D-315E9A40D09F}.Debug|Any CPU.ActiveCfg = Debug|Any CPU
		{AC39433C-4E6E-4905-9C9D-315E9A40D09F}.Debug|Any CPU.Build.0 = Debug|Any CPU
		{AC39433C-4E6E-4905-9C9D-315E9A40D09F}.Release|Any CPU.ActiveCfg = Release|Any CPU
		{AC39433C-4E6E-4905-9C9D-315E9A40D09F}.Release|Any CPU.Build.0 = Release|Any CPU
		{5AEAE51C-00DD-4808-B956-7A94546A88C6}.Debug|Any CPU.ActiveCfg = Debug|Any CPU
		{5AEAE51C-00DD-4808-B956-7A94546A88C6}.Debug|Any CPU.Build.0 = Debug|Any CPU
		{5AEAE51C-00DD-4808-B956-7A94546A88C6}.Release|Any CPU.ActiveCfg = Release|Any CPU
		{5AEAE51C-00DD-4808-B956-7A94546A88C6}.Release|Any CPU.Build.0 = Release|Any CPU
	EndGlobalSection
	GlobalSection(SolutionProperties) = preSolution
		HideSolutionNode = FALSE
	EndGlobalSection
	GlobalSection(ExtensibilityGlobals) = postSolution
		SolutionGuid = {75F99CDB-5B56-48F6-849E-C9F436DE3076}
	EndGlobalSection
EndGlobal
